
Microsoft Visual Studio Solution File, Format Version 12.00
# Visual Studio 15
VisualStudioVersion = 15.0.28010.2050
MinimumVisualStudioVersion = 10.0.40219.1
Project("{8BC9CEB8-8B4A-11D0-8D11-00A0C91BC942}") = "Projekt04AnimacjeSFML", "Projekt04AnimacjeSFML.vcxproj", "{BB374F1A-83C6-4B20-92E1-AD713ED4137F}"
EndProject
Global
	GlobalSection(SolutionConfigurationPlatforms) = preSolution
		Debug|x64 = Debug|x64
		Debug|x86 = Debug|x86
		Release|x64 = Release|x64
		Release|x86 = Release|x86
	EndGlobalSection
	GlobalSection(ProjectConfigurationPlatforms) = postSolution
		{BB374F1A-83C6-4B20-92E1-AD713ED4137F}.Debug|x64.ActiveCfg = Debug|x64
		{BB374F1A-83C6-4B20-92E1-AD713ED4137F}.Debug|x64.Build.0 = Debug|x64
		{BB374F1A-83C6-4B20-92E1-AD713ED4137F}.Debug|x86.ActiveCfg = Debug|Win32
		{BB374F1A-83C6-4B20-92E1-AD713ED4137F}.Debug|x86.Build.0 = Debug|Win32
		{BB374F1A-83C6-4B20-92E1-AD713ED4137F}.Release|x64.ActiveCfg = Release|x64
		{BB374F1A-83C6-4B20-92E1-AD713ED4137F}.Release|x64.Build.0 = Release|x64
		{BB374F1A-83C6-4B20-92E1-AD713ED4137F}.Release|x86.ActiveCfg = Release|Win32
		{BB374F1A-83C6-4B20-92E1-AD713ED4137F}.Release|x86.Build.0 = Release|Win32
	EndGlobalSection
	GlobalSection(SolutionProperties) = preSolution
		HideSolutionNode = FALSE
	EndGlobalSection
	GlobalSection(ExtensibilityGlobals) = postSolution
		SolutionGuid = {B17AEE20-387C-4E17-8207-D1656A897BC4}
	EndGlobalSection
EndGlobal
